{
  "nodes": {
    "nixpkgs": {
      "locked": {
        "lastModified": 1718389132,
        "narHash": "sha256-XmEa+yfCBblcIcM8RwdL+jbIIvM4/vF5vbLWyZ6OMLE=",
        "owner": "NixOS",
        "repo": "nixpkgs",
        "rev": "c80d01b53e8a0704b6bf4c371f0bd60f287931b4",
        "type": "github"
      },
      "original": {
        "owner": "NixOS",
        "repo": "nixpkgs",
        "type": "github"
      }
    },
    "nixpkgs-unstable": {
      "locked": {
        "lastModified": 1718276985,
        "narHash": "sha256-u1fA0DYQYdeG+5kDm1bOoGcHtX0rtC7qs2YA2N1X++I=",
        "owner": "NixOS",
        "repo": "nixpkgs",
        "rev": "3f84a279f1a6290ce154c5531378acc827836fbb",
        "type": "github"
      },
      "original": {
        "owner": "NixOS",
        "ref": "nixpkgs-unstable",
        "repo": "nixpkgs",
        "type": "github"
      }
    },
    "root": {
      "inputs": {
        "nixpkgs": "nixpkgs",
        "nixpkgs-unstable": "nixpkgs-unstable"
      }
    }
  },
  "root": "root",
  "version": 7
}
